
Microsoft Visual Studio Solution File, Format Version 12.00
# Visual Studio Version 16
VisualStudioVersion = 16.0.31129.286
MinimumVisualStudioVersion = 10.0.40219.1
Project("{9A19103F-16F7-4668-BE54-9A1E7A4F7556}") = "Plan B", "Plan B.csproj", "{92BD046A-F9F7-436F-9AA7-ABB5229A64B7}"
EndProject
Global
	GlobalSection(SolutionConfigurationPlatforms) = preSolution
		Debug|Any CPU = Debug|Any CPU
		Release|Any CPU = Release|Any CPU
	EndGlobalSection
	GlobalSection(ProjectConfigurationPlatforms) = postSolution
		{92BD046A-F9F7-436F-9AA7-ABB5229A64B7}.Debug|Any CPU.ActiveCfg = Debug|Any CPU
		{92BD046A-F9F7-436F-9AA7-ABB5229A64B7}.Debug|Any CPU.Build.0 = Debug|Any CPU
		{92BD046A-F9F7-436F-9AA7-ABB5229A64B7}.Release|Any CPU.ActiveCfg = Release|Any CPU
		{92BD046A-F9F7-436F-9AA7-ABB5229A64B7}.Release|Any CPU.Build.0 = Release|Any CPU
	EndGlobalSection
	GlobalSection(SolutionProperties) = preSolution
		HideSolutionNode = FALSE
	EndGlobalSection
	GlobalSection(ExtensibilityGlobals) = postSolution
		SolutionGuid = {8F50B48D-7B03-43B6-8D5D-114DF38A903A}
	EndGlobalSection
EndGlobal
